
Microsoft Visual Studio Solution File, Format Version 12.00
# Visual Studio 15
VisualStudioVersion = 15.0.27703.2035
MinimumVisualStudioVersion = 10.0.40219.1
Project("{FAE04EC0-301F-11D3-BF4B-00C04F79EFBC}") = "Sample", "Sample\Sample.csproj", "{9328675E-4F3D-4970-AC58-B71053855679}"
EndProject
Project("{FAE04EC0-301F-11D3-BF4B-00C04F79EFBC}") = "Sample.Plugin1", "Sample.Plugin1\Sample.Plugin1.csproj", "{89C7CD3F-2DE1-4AB6-BFB2-D50002E38D81}"
EndProject
Project("{FAE04EC0-301F-11D3-BF4B-00C04F79EFBC}") = "Sample.Plugin2", "Sample.Plugin2\Sample.Plugin2.csproj", "{0AFF317B-A696-4B5A-A3F1-AB53F168AD44}"
EndProject
Project("{FAE04EC0-301F-11D3-BF4B-00C04F79EFBC}") = "Sample.Core", "Sample.Core\Sample.Core.csproj", "{5B9E373D-59CA-4B05-9A9F-4C03731C3E2C}"
EndProject
Project("{2150E333-8FDC-42A3-9474-1A3956D46DE8}") = "Plugins", "Plugins", "{247EA8DC-C7C0-4F35-B784-80F345A73D92}"
EndProject
Project("{2150E333-8FDC-42A3-9474-1A3956D46DE8}") = "Core", "Core", "{324E5C67-92A9-4692-8542-3AC8A5C7C44D}"
EndProject
Project("{FAE04EC0-301F-11D3-BF4B-00C04F79EFBC}") = "Sample.Service", "Sample.Service\Sample.Service.csproj", "{58EC94F8-618B-436B-B9F0-6FA7B6BE1ECC}"
EndProject
Project("{2150E333-8FDC-42A3-9474-1A3956D46DE8}") = "Solution Items", "Solution Items", "{21233C44-E869-401C-8D9A-8EF870BC9451}"
	ProjectSection(SolutionItems) = preProject
		README.md = README.md
	EndProjectSection
EndProject
Project("{FAE04EC0-301F-11D3-BF4B-00C04F79EFBC}") = "Sample.Skin", "Sample.Skin\Sample.Skin.csproj", "{3154E27D-C0A2-4695-84A3-271EE7437376}"
EndProject
Global
	GlobalSection(SolutionConfigurationPlatforms) = preSolution
		Debug|Any CPU = Debug|Any CPU
		Release|Any CPU = Release|Any CPU
	EndGlobalSection
	GlobalSection(ProjectConfigurationPlatforms) = postSolution
		{9328675E-4F3D-4970-AC58-B71053855679}.Debug|Any CPU.ActiveCfg = Debug|Any CPU
		{9328675E-4F3D-4970-AC58-B71053855679}.Debug|Any CPU.Build.0 = Debug|Any CPU
		{9328675E-4F3D-4970-AC58-B71053855679}.Release|Any CPU.ActiveCfg = Release|Any CPU
		{9328675E-4F3D-4970-AC58-B71053855679}.Release|Any CPU.Build.0 = Release|Any CPU
		{89C7CD3F-2DE1-4AB6-BFB2-D50002E38D81}.Debug|Any CPU.ActiveCfg = Debug|Any CPU
		{89C7CD3F-2DE1-4AB6-BFB2-D50002E38D81}.Debug|Any CPU.Build.0 = Debug|Any CPU
		{89C7CD3F-2DE1-4AB6-BFB2-D50002E38D81}.Release|Any CPU.ActiveCfg = Release|Any CPU
		{89C7CD3F-2DE1-4AB6-BFB2-D50002E38D81}.Release|Any CPU.Build.0 = Release|Any CPU
		{0AFF317B-A696-4B5A-A3F1-AB53F168AD44}.Debug|Any CPU.ActiveCfg = Debug|Any CPU
		{0AFF317B-A696-4B5A-A3F1-AB53F168AD44}.Debug|Any CPU.Build.0 = Debug|Any CPU
		{0AFF317B-A696-4B5A-A3F1-AB53F168AD44}.Release|Any CPU.ActiveCfg = Release|Any CPU
		{0AFF317B-A696-4B5A-A3F1-AB53F168AD44}.Release|Any CPU.Build.0 = Release|Any CPU
		{5B9E373D-59CA-4B05-9A9F-4C03731C3E2C}.Debug|Any CPU.ActiveCfg = Debug|Any CPU
		{5B9E373D-59CA-4B05-9A9F-4C03731C3E2C}.Debug|Any CPU.Build.0 = Debug|Any CPU
		{5B9E373D-59CA-4B05-9A9F-4C03731C3E2C}.Release|Any CPU.ActiveCfg = Release|Any CPU
		{5B9E373D-59CA-4B05-9A9F-4C03731C3E2C}.Release|Any CPU.Build.0 = Release|Any CPU
		{58EC94F8-618B-436B-B9F0-6FA7B6BE1ECC}.Debug|Any CPU.ActiveCfg = Debug|Any CPU
		{58EC94F8-618B-436B-B9F0-6FA7B6BE1ECC}.Debug|Any CPU.Build.0 = Debug|Any CPU
		{58EC94F8-618B-436B-B9F0-6FA7B6BE1ECC}.Release|Any CPU.ActiveCfg = Release|Any CPU
		{58EC94F8-618B-436B-B9F0-6FA7B6BE1ECC}.Release|Any CPU.Build.0 = Release|Any CPU
		{3154E27D-C0A2-4695-84A3-271EE7437376}.Debug|Any CPU.ActiveCfg = Debug|Any CPU
		{3154E27D-C0A2-4695-84A3-271EE7437376}.Debug|Any CPU.Build.0 = Debug|Any CPU
		{3154E27D-C0A2-4695-84A3-271EE7437376}.Release|Any CPU.ActiveCfg = Release|Any CPU
		{3154E27D-C0A2-4695-84A3-271EE7437376}.Release|Any CPU.Build.0 = Release|Any CPU
	EndGlobalSection
	GlobalSection(SolutionProperties) = preSolution
		HideSolutionNode = FALSE
	EndGlobalSection
	GlobalSection(NestedProjects) = preSolution
		{89C7CD3F-2DE1-4AB6-BFB2-D50002E38D81} = {247EA8DC-C7C0-4F35-B784-80F345A73D92}
		{0AFF317B-A696-4B5A-A3F1-AB53F168AD44} = {247EA8DC-C7C0-4F35-B784-80F345A73D92}
		{5B9E373D-59CA-4B05-9A9F-4C03731C3E2C} = {324E5C67-92A9-4692-8542-3AC8A5C7C44D}
		{58EC94F8-618B-436B-B9F0-6FA7B6BE1ECC} = {247EA8DC-C7C0-4F35-B784-80F345A73D92}
		{3154E27D-C0A2-4695-84A3-271EE7437376} = {247EA8DC-C7C0-4F35-B784-80F345A73D92}
	EndGlobalSection
	GlobalSection(ExtensibilityGlobals) = postSolution
		SolutionGuid = {6A13A3AA-CB08-4EA8-A1E1-795ED9C35408}
	EndGlobalSection
EndGlobal
