
Microsoft Visual Studio Solution File, Format Version 12.00
# Visual Studio Version 16
VisualStudioVersion = 16.0.29926.136
MinimumVisualStudioVersion = 10.0.40219.1
Project("{2150E333-8FDC-42A3-9474-1A3956D46DE8}") = "0 - Docs", "0 - Docs", "{BB324F01-B62E-4BC4-BC77-C78B2B0C5572}"
	ProjectSection(SolutionItems) = preProject
		README.md = README.md
	EndProjectSection
EndProject
Project("{2150E333-8FDC-42A3-9474-1A3956D46DE8}") = "4- Modules", "4- Modules", "{E1702116-3127-4216-BB24-5E7B9D921763}"
EndProject
Project("{2150E333-8FDC-42A3-9474-1A3956D46DE8}") = "1 - Domain", "1 - Domain", "{C6E110C6-C5E0-4B13-8A1F-51404D09A86A}"
EndProject
Project("{FAE04EC0-301F-11D3-BF4B-00C04F79EFBC}") = "BlankApp.Infrastructure", "src\BlankApp.Infrastructure\BlankApp.Infrastructure.csproj", "{2D3F57D7-FAD9-47FC-9B5F-83197752FBAF}"
EndProject
Project("{FAE04EC0-301F-11D3-BF4B-00C04F79EFBC}") = "BlankApp.Doamin", "src\BlankApp.Doamin\BlankApp.Doamin.csproj", "{D7DD19BC-2216-4B4B-B0CC-7821177730CB}"
EndProject
Project("{FAE04EC0-301F-11D3-BF4B-00C04F79EFBC}") = "BlankApp.Infrastructure.CrossCutting", "src\BlankApp.Infrastructure.CrossCutting\BlankApp.Infrastructure.CrossCutting.csproj", "{1184CD70-591D-4CC3-88F0-6F015B540E93}"
EndProject
Project("{2150E333-8FDC-42A3-9474-1A3956D46DE8}") = "2 - Application", "2 - Application", "{C2C4D712-D6D4-433C-9528-03E4E1B7ECE9}"
EndProject
Project("{2150E333-8FDC-42A3-9474-1A3956D46DE8}") = "3 - Infrastructure", "3 - Infrastructure", "{D8FBAAF8-1A5F-4ED7-9690-4810FED99C34}"
EndProject
Project("{FAE04EC0-301F-11D3-BF4B-00C04F79EFBC}") = "BlackApp.Application", "src\BlackApp.Application\BlackApp.Application.csproj", "{6D6A8839-B951-4D11-ABC3-A1CA4EB18757}"
EndProject
Project("{FAE04EC0-301F-11D3-BF4B-00C04F79EFBC}") = "BlankApp", "src\BlankApp\BlankApp.csproj", "{E2070FDB-48FF-464A-A2B1-CE405D3A894A}"
EndProject
Project("{FAE04EC0-301F-11D3-BF4B-00C04F79EFBC}") = "BlankApp.Modules.ModuleA", "src\BlankApp.Modules.ModuleA\BlankApp.Modules.ModuleA.csproj", "{CD6B2265-B37C-4DA6-BA30-8FEF7338579E}"
EndProject
Project("{FAE04EC0-301F-11D3-BF4B-00C04F79EFBC}") = "BlankApp.Modules.ModuleB", "src\BlankApp.Modules.ModuleB\BlankApp.Modules.ModuleB.csproj", "{BA5B1AE4-736F-405E-A0D2-C5DD11F399F7}"
EndProject
Global
	GlobalSection(SolutionConfigurationPlatforms) = preSolution
		Debug|Any CPU = Debug|Any CPU
		Release|Any CPU = Release|Any CPU
	EndGlobalSection
	GlobalSection(ProjectConfigurationPlatforms) = postSolution
		{2D3F57D7-FAD9-47FC-9B5F-83197752FBAF}.Debug|Any CPU.ActiveCfg = Debug|Any CPU
		{2D3F57D7-FAD9-47FC-9B5F-83197752FBAF}.Debug|Any CPU.Build.0 = Debug|Any CPU
		{2D3F57D7-FAD9-47FC-9B5F-83197752FBAF}.Release|Any CPU.ActiveCfg = Release|Any CPU
		{2D3F57D7-FAD9-47FC-9B5F-83197752FBAF}.Release|Any CPU.Build.0 = Release|Any CPU
		{D7DD19BC-2216-4B4B-B0CC-7821177730CB}.Debug|Any CPU.ActiveCfg = Debug|Any CPU
		{D7DD19BC-2216-4B4B-B0CC-7821177730CB}.Debug|Any CPU.Build.0 = Debug|Any CPU
		{D7DD19BC-2216-4B4B-B0CC-7821177730CB}.Release|Any CPU.ActiveCfg = Release|Any CPU
		{D7DD19BC-2216-4B4B-B0CC-7821177730CB}.Release|Any CPU.Build.0 = Release|Any CPU
		{1184CD70-591D-4CC3-88F0-6F015B540E93}.Debug|Any CPU.ActiveCfg = Debug|Any CPU
		{1184CD70-591D-4CC3-88F0-6F015B540E93}.Debug|Any CPU.Build.0 = Debug|Any CPU
		{1184CD70-591D-4CC3-88F0-6F015B540E93}.Release|Any CPU.ActiveCfg = Release|Any CPU
		{1184CD70-591D-4CC3-88F0-6F015B540E93}.Release|Any CPU.Build.0 = Release|Any CPU
		{6D6A8839-B951-4D11-ABC3-A1CA4EB18757}.Debug|Any CPU.ActiveCfg = Debug|Any CPU
		{6D6A8839-B951-4D11-ABC3-A1CA4EB18757}.Debug|Any CPU.Build.0 = Debug|Any CPU
		{6D6A8839-B951-4D11-ABC3-A1CA4EB18757}.Release|Any CPU.ActiveCfg = Release|Any CPU
		{6D6A8839-B951-4D11-ABC3-A1CA4EB18757}.Release|Any CPU.Build.0 = Release|Any CPU
		{E2070FDB-48FF-464A-A2B1-CE405D3A894A}.Debug|Any CPU.ActiveCfg = Debug|Any CPU
		{E2070FDB-48FF-464A-A2B1-CE405D3A894A}.Debug|Any CPU.Build.0 = Debug|Any CPU
		{E2070FDB-48FF-464A-A2B1-CE405D3A894A}.Release|Any CPU.ActiveCfg = Release|Any CPU
		{E2070FDB-48FF-464A-A2B1-CE405D3A894A}.Release|Any CPU.Build.0 = Release|Any CPU
		{CD6B2265-B37C-4DA6-BA30-8FEF7338579E}.Debug|Any CPU.ActiveCfg = Debug|Any CPU
		{CD6B2265-B37C-4DA6-BA30-8FEF7338579E}.Debug|Any CPU.Build.0 = Debug|Any CPU
		{CD6B2265-B37C-4DA6-BA30-8FEF7338579E}.Release|Any CPU.ActiveCfg = Release|Any CPU
		{CD6B2265-B37C-4DA6-BA30-8FEF7338579E}.Release|Any CPU.Build.0 = Release|Any CPU
		{BA5B1AE4-736F-405E-A0D2-C5DD11F399F7}.Debug|Any CPU.ActiveCfg = Debug|Any CPU
		{BA5B1AE4-736F-405E-A0D2-C5DD11F399F7}.Debug|Any CPU.Build.0 = Debug|Any CPU
		{BA5B1AE4-736F-405E-A0D2-C5DD11F399F7}.Release|Any CPU.ActiveCfg = Release|Any CPU
		{BA5B1AE4-736F-405E-A0D2-C5DD11F399F7}.Release|Any CPU.Build.0 = Release|Any CPU
	EndGlobalSection
	GlobalSection(SolutionProperties) = preSolution
		HideSolutionNode = FALSE
	EndGlobalSection
	GlobalSection(NestedProjects) = preSolution
		{2D3F57D7-FAD9-47FC-9B5F-83197752FBAF} = {D8FBAAF8-1A5F-4ED7-9690-4810FED99C34}
		{D7DD19BC-2216-4B4B-B0CC-7821177730CB} = {C6E110C6-C5E0-4B13-8A1F-51404D09A86A}
		{1184CD70-591D-4CC3-88F0-6F015B540E93} = {D8FBAAF8-1A5F-4ED7-9690-4810FED99C34}
		{6D6A8839-B951-4D11-ABC3-A1CA4EB18757} = {C2C4D712-D6D4-433C-9528-03E4E1B7ECE9}
		{CD6B2265-B37C-4DA6-BA30-8FEF7338579E} = {E1702116-3127-4216-BB24-5E7B9D921763}
		{BA5B1AE4-736F-405E-A0D2-C5DD11F399F7} = {E1702116-3127-4216-BB24-5E7B9D921763}
	EndGlobalSection
	GlobalSection(ExtensibilityGlobals) = postSolution
		SolutionGuid = {19BCEB24-B083-4DFD-B97B-0A1E628B6FD8}
	EndGlobalSection
EndGlobal
